
Microsoft Visual Studio Solution File, Format Version 12.00
# Visual Studio Version 17
VisualStudioVersion = 17.8.34330.188
MinimumVisualStudioVersion = 10.0.40219.1
Project("{9A19103F-16F7-4668-BE54-9A1E7A4F7556}") = "DriveImport", "DriveImport\DriveImport.csproj", "{3F403EEE-2C3E-4F8E-8D28-0324297A254C}"
EndProject
Project("{9A19103F-16F7-4668-BE54-9A1E7A4F7556}") = "DriveImport.Api", "DriveImport.Api\DriveImport.Api.csproj", "{D7E074C0-0EB0-4535-BCE1-79D8F0F54A08}"
EndProject
Project("{9A19103F-16F7-4668-BE54-9A1E7A4F7556}") = "DriveImport.Common", "DriveImport.Common\DriveImport.Common.csproj", "{20582712-1C0E-4440-808A-9382913B5F52}"
EndProject
Global
	GlobalSection(SolutionConfigurationPlatforms) = preSolution
		Debug|Any CPU = Debug|Any CPU
		Release|Any CPU = Release|Any CPU
	EndGlobalSection
	GlobalSection(ProjectConfigurationPlatforms) = postSolution
		{3F403EEE-2C3E-4F8E-8D28-0324297A254C}.Debug|Any CPU.ActiveCfg = Debug|Any CPU
		{3F403EEE-2C3E-4F8E-8D28-0324297A254C}.Debug|Any CPU.Build.0 = Debug|Any CPU
		{3F403EEE-2C3E-4F8E-8D28-0324297A254C}.Release|Any CPU.ActiveCfg = Release|Any CPU
		{3F403EEE-2C3E-4F8E-8D28-0324297A254C}.Release|Any CPU.Build.0 = Release|Any CPU
		{D7E074C0-0EB0-4535-BCE1-79D8F0F54A08}.Debug|Any CPU.ActiveCfg = Debug|Any CPU
		{D7E074C0-0EB0-4535-BCE1-79D8F0F54A08}.Debug|Any CPU.Build.0 = Debug|Any CPU
		{D7E074C0-0EB0-4535-BCE1-79D8F0F54A08}.Release|Any CPU.ActiveCfg = Release|Any CPU
		{D7E074C0-0EB0-4535-BCE1-79D8F0F54A08}.Release|Any CPU.Build.0 = Release|Any CPU
		{20582712-1C0E-4440-808A-9382913B5F52}.Debug|Any CPU.ActiveCfg = Debug|Any CPU
		{20582712-1C0E-4440-808A-9382913B5F52}.Debug|Any CPU.Build.0 = Debug|Any CPU
		{20582712-1C0E-4440-808A-9382913B5F52}.Release|Any CPU.ActiveCfg = Release|Any CPU
		{20582712-1C0E-4440-808A-9382913B5F52}.Release|Any CPU.Build.0 = Release|Any CPU
	EndGlobalSection
	GlobalSection(SolutionProperties) = preSolution
		HideSolutionNode = FALSE
	EndGlobalSection
	GlobalSection(ExtensibilityGlobals) = postSolution
		SolutionGuid = {DD88DC65-D764-4054-85FA-C848C2481912}
	EndGlobalSection
EndGlobal
